# THIS IS AN AUTOGENERATED FILE. DO NOT EDIT THIS FILE DIRECTLY.
# yarn lockfile v1


accepts@1.1.4:
  version "1.1.4"
  resolved "http://r.cnpmjs.org/accepts/download/accepts-1.1.4.tgz#d71c96f7d41d0feda2c38cd14e8a27c04158df4a"
  dependencies:
    mime-types "~2.0.4"
    negotiator "0.4.9"

accepts@1.3.3, accepts@^1.2.2:
  version "1.3.3"
  resolved "http://registry.npm.taobao.org/accepts/download/accepts-1.3.3.tgz#c3ca7434938648c3e0d9c1e328dd68b622c284ca"
  dependencies:
    mime-types "~2.1.11"
    negotiator "0.6.1"

after@0.8.1:
  version "0.8.1"
  resolved "http://r.cnpmjs.org/after/download/after-0.8.1.tgz#ab5d4fb883f596816d3515f8f791c0af486dd627"

after@0.8.2:
  version "0.8.2"
  resolved "http://registry.npm.taobao.org/after/download/after-0.8.2.tgz#fedb394f9f0e02aa9768e702bda23b505fae7e1f"

ajv@^4.9.1:
  version "4.11.8"
  resolved "http://registry.npm.taobao.org/ajv/download/ajv-4.11.8.tgz#82ffb02b29e662ae53bdc20af15947706739c536"
  dependencies:
    co "^4.6.0"
    json-stable-stringify "^1.0.1"

any-promise@^1.0.0, any-promise@^1.1.0:
  version "1.3.0"
  resolved "http://r.cnpmjs.org/any-promise/download/any-promise-1.3.0.tgz#abc6afeedcea52e809cdc0376aed3ce39635d17f"

arraybuffer.slice@0.0.6:
  version "0.0.6"
  resolved "http://registry.npm.taobao.org/arraybuffer.slice/download/arraybuffer.slice-0.0.6.tgz#f33b2159f0532a3f3107a272c0ccfbd1ad2979ca"

asn1@~0.2.3:
  version "0.2.3"
  resolved "http://registry.npm.taobao.org/asn1/download/asn1-0.2.3.tgz#dac8787713c9966849fc8180777ebe9c1ddf3b86"

assert-plus@1.0.0, assert-plus@^1.0.0:
  version "1.0.0"
  resolved "http://registry.npm.taobao.org/assert-plus/download/assert-plus-1.0.0.tgz#f12e0f3c5d77b0b1cdd9146942e4e96c1e4dd525"

assert-plus@^0.2.0:
  version "0.2.0"
  resolved "http://registry.npm.taobao.org/assert-plus/download/assert-plus-0.2.0.tgz#d74e1b87e7affc0db8aadb7021f3fe48101ab234"

asynckit@^0.4.0:
  version "0.4.0"
  resolved "http://registry.npm.taobao.org/asynckit/download/asynckit-0.4.0.tgz#c79ed97f7f34cb8f2ba1bc9790bcc366474b4b79"

aws-sign2@~0.6.0:
  version "0.6.0"
  resolved "http://registry.npm.taobao.org/aws-sign2/download/aws-sign2-0.6.0.tgz#14342dd38dbcc94d0e5b87d763cd63612c0e794f"

aws4@^1.2.1:
  version "1.6.0"
  resolved "http://registry.npm.taobao.org/aws4/download/aws4-1.6.0.tgz#83ef5ca860b2b32e4a0deedee8c771b9db57471e"

backo2@1.0.2:
  version "1.0.2"
  resolved "http://registry.npm.taobao.org/backo2/download/backo2-1.0.2.tgz#31ab1ac8b129363463e35b3ebb69f4dfcfba7947"

base64-arraybuffer@0.1.2:
  version "0.1.2"
  resolved "http://r.cnpmjs.org/base64-arraybuffer/download/base64-arraybuffer-0.1.2.tgz#474df4a9f2da24e05df3158c3b1db3c3cd46a154"

base64-arraybuffer@0.1.5:
  version "0.1.5"
  resolved "http://registry.npm.taobao.org/base64-arraybuffer/download/base64-arraybuffer-0.1.5.tgz#73926771923b5a19747ad666aa5cd4bf9c6e9ce8"

base64id@0.1.0:
  version "0.1.0"
  resolved "http://r.cnpmjs.org/base64id/download/base64id-0.1.0.tgz#02ce0fdeee0cef4f40080e1e73e834f0b1bfce3f"

base64id@1.0.0:
  version "1.0.0"
  resolved "http://registry.npm.taobao.org/base64id/download/base64id-1.0.0.tgz#47688cb99bb6804f0e06d3e763b1c32e57d8e6b6"

bcrypt-pbkdf@^1.0.0:
  version "1.0.1"
  resolved "http://registry.npm.taobao.org/bcrypt-pbkdf/download/bcrypt-pbkdf-1.0.1.tgz#63bc5dcb61331b92bc05fd528953c33462a06f8d"
  dependencies:
    tweetnacl "^0.14.3"

benchmark@1.0.0:
  version "1.0.0"
  resolved "http://r.cnpmjs.org/benchmark/download/benchmark-1.0.0.tgz#2f1e2fa4c359f11122aa183082218e957e390c73"

better-assert@~1.0.0:
  version "1.0.2"
  resolved "http://registry.npm.taobao.org/better-assert/download/better-assert-1.0.2.tgz#40866b9e1b9e0b55b481894311e68faffaebc522"
  dependencies:
    callsite "1.0.0"

blob@0.0.4:
  version "0.0.4"
  resolved "http://registry.npm.taobao.org/blob/download/blob-0.0.4.tgz#bcf13052ca54463f30f9fc7e95b9a47630a94921"

bluebird@^3.5.0:
  version "3.5.0"
  resolved "http://registry.npm.taobao.org/bluebird/download/bluebird-3.5.0.tgz#791420d7f551eea2897453a8a77653f96606d67c"

boom@2.x.x:
  version "2.10.1"
  resolved "http://registry.npm.taobao.org/boom/download/boom-2.10.1.tgz#39c8918ceff5799f83f9492a848f625add0c766f"
  dependencies:
    hoek "2.x.x"

callsite@1.0.0:
  version "1.0.0"
  resolved "http://registry.npm.taobao.org/callsite/download/callsite-1.0.0.tgz#280398e5d664bd74038b6f0905153e6e8af1bc20"

caseless@~0.12.0:
  version "0.12.0"
  resolved "http://registry.npm.taobao.org/caseless/download/caseless-0.12.0.tgz#1b681c21ff84033c826543090689420d187151dc"

co@^4.6.0:
  version "4.6.0"
  resolved "http://registry.npm.taobao.org/co/download/co-4.6.0.tgz#6ea6bdf3d853ae54ccb8e47bfa0bf3f9031fb184"

combined-stream@^1.0.5, combined-stream@~1.0.5:
  version "1.0.5"
  resolved "http://registry.npm.taobao.org/combined-stream/download/combined-stream-1.0.5.tgz#938370a57b4a51dea2c77c15d5c5fdf895164009"
  dependencies:
    delayed-stream "~1.0.0"

component-bind@1.0.0:
  version "1.0.0"
  resolved "http://registry.npm.taobao.org/component-bind/download/component-bind-1.0.0.tgz#00c608ab7dcd93897c0009651b1d3a8e1e73bbd1"

component-emitter@1.1.2:
  version "1.1.2"
  resolved "http://r.cnpmjs.org/component-emitter/download/component-emitter-1.1.2.tgz#296594f2753daa63996d2af08d15a95116c9aec3"

component-emitter@1.2.0:
  version "1.2.0"
  resolved "http://r.cnpmjs.org/component-emitter/download/component-emitter-1.2.0.tgz#ccd113a86388d06482d03de3fc7df98526ba8efe"

component-emitter@1.2.1:
  version "1.2.1"
  resolved "http://registry.npm.taobao.org/component-emitter/download/component-emitter-1.2.1.tgz#137918d6d78283f7df7a6b7c5a63e140e69425e6"

component-inherit@0.0.3:
  version "0.0.3"
  resolved "http://registry.npm.taobao.org/component-inherit/download/component-inherit-0.0.3.tgz#645fc4adf58b72b649d5cae65135619db26ff143"

content-disposition@~0.5.0:
  version "0.5.2"
  resolved "http://r.cnpmjs.org/content-disposition/download/content-disposition-0.5.2.tgz#0cf68bb9ddf5f2be7961c3a85178cb85dba78cb4"

content-type@^1.0.0:
  version "1.0.2"
  resolved "http://r.cnpmjs.org/content-type/download/content-type-1.0.2.tgz#b7d113aee7a8dd27bd21133c4dc2529df1721eed"

cookie@0.3.1:
  version "0.3.1"
  resolved "http://registry.npm.taobao.org/cookie/download/cookie-0.3.1.tgz#e7e0a1f9ef43b4c8ba925c5c5a96e806d16873bb"

cookies@~0.7.0:
  version "0.7.0"
  resolved "http://r.cnpmjs.org/cookies/download/cookies-0.7.0.tgz#0bc961d910c35254980fc7c9eff5da12011bbf00"
  dependencies:
    depd "~1.1.0"
    keygrip "~1.0.1"

core-util-is@1.0.2:
  version "1.0.2"
  resolved "http://registry.npm.taobao.org/core-util-is/download/core-util-is-1.0.2.tgz#b5fd54220aa2bc5ab57aab7140c940754503c1a7"

cryptiles@2.x.x:
  version "2.0.5"
  resolved "http://registry.npm.taobao.org/cryptiles/download/cryptiles-2.0.5.tgz#3bdfecdc608147c1c67202fa291e7dca59eaa3b8"
  dependencies:
    boom "2.x.x"

dashdash@^1.12.0:
  version "1.14.1"
  resolved "http://registry.npm.taobao.org/dashdash/download/dashdash-1.14.1.tgz#853cfa0f7cbe2fed5de20326b8dd581035f6e2f0"
  dependencies:
    assert-plus "^1.0.0"

debug@*, debug@^2.2.0, debug@^2.6.3, debug@^2.6.8, debug@~2.6.4, debug@~2.6.6:
  version "2.6.8"
  resolved "http://registry.npm.taobao.org/debug/download/debug-2.6.8.tgz#e731531ca2ede27d188222427da17821d68ff4fc"
  dependencies:
    ms "2.0.0"

debug@0.7.4:
  version "0.7.4"
  resolved "http://r.cnpmjs.org/debug/download/debug-0.7.4.tgz#06e1ea8082c2cb14e39806e22e2f6f757f92af39"

debug@2.2.0:
  version "2.2.0"
  resolved "http://r.cnpmjs.org/debug/download/debug-2.2.0.tgz#f87057e995b1a1f6ae6a4960664137bc56f039da"
  dependencies:
    ms "0.7.1"

deep-equal@~1.0.1:
  version "1.0.1"
  resolved "http://r.cnpmjs.org/deep-equal/download/deep-equal-1.0.1.tgz#f5d260292b660e084eff4cdbc9f08ad3247448b5"

delayed-stream@~1.0.0:
  version "1.0.0"
  resolved "http://registry.npm.taobao.org/delayed-stream/download/delayed-stream-1.0.0.tgz#df3ae199acadfb7d440aaae0b29e2272b24ec619"

delegates@^1.0.0:
  version "1.0.0"
  resolved "http://r.cnpmjs.org/delegates/download/delegates-1.0.0.tgz#84c6e159b81904fdca59a0ef44cd870d31250f9a"

depd@1.1.1, depd@^1.1.0, depd@~1.1.0:
  version "1.1.1"
  resolved "http://r.cnpmjs.org/depd/download/depd-1.1.1.tgz#5783b4e1c459f06fa5ca27f991f3d06e7a310359"

destroy@^1.0.3:
  version "1.0.4"
  resolved "http://r.cnpmjs.org/destroy/download/destroy-1.0.4.tgz#978857442c44749e4206613e37946205826abd80"

dotenv@^4.0.0:
  version "4.0.0"
  resolved "https://registry.npmjs.org/dotenv/-/dotenv-4.0.0.tgz#864ef1379aced55ce6f95debecdce179f7a0cd1d"

ecc-jsbn@~0.1.1:
  version "0.1.1"
  resolved "http://registry.npm.taobao.org/ecc-jsbn/download/ecc-jsbn-0.1.1.tgz#0fc73a9ed5f0d53c38193398523ef7e543777505"
  dependencies:
    jsbn "~0.1.0"

ee-first@1.1.1:
  version "1.1.1"
  resolved "http://r.cnpmjs.org/ee-first/download/ee-first-1.1.1.tgz#590c61156b0ae2f4f0255732a158b266bc56b21d"

engine.io-client@1.6.8:
  version "1.6.8"
  resolved "http://r.cnpmjs.org/engine.io-client/download/engine.io-client-1.6.8.tgz#6e2db11648b45e405c46b172ea3e3dac37cc0ceb"
  dependencies:
    component-emitter "1.1.2"
    component-inherit "0.0.3"
    debug "2.2.0"
    engine.io-parser "1.2.4"
    has-cors "1.1.0"
    indexof "0.0.1"
    parsejson "0.0.1"
    parseqs "0.0.2"
    parseuri "0.0.4"
    ws "1.0.1"
    xmlhttprequest-ssl "1.5.1"
    yeast "0.1.2"

engine.io-client@~3.1.0:
  version "3.1.1"
  resolved "http://registry.npm.taobao.org/engine.io-client/download/engine.io-client-3.1.1.tgz#415a9852badb14fa008fa3ef1e31608db6761325"
  dependencies:
    component-emitter "1.2.1"
    component-inherit "0.0.3"
    debug "~2.6.4"
    engine.io-parser "~2.1.1"
    has-cors "1.1.0"
    indexof "0.0.1"
    parsejson "0.0.3"
    parseqs "0.0.5"
    parseuri "0.0.5"
    ws "~2.3.1"
    xmlhttprequest-ssl "1.5.3"
    yeast "0.1.2"

engine.io-parser@1.2.4:
  version "1.2.4"
  resolved "http://r.cnpmjs.org/engine.io-parser/download/engine.io-parser-1.2.4.tgz#e0897b0bf14e792d4cd2a5950553919c56948c42"
  dependencies:
    after "0.8.1"
    arraybuffer.slice "0.0.6"
    base64-arraybuffer "0.1.2"
    blob "0.0.4"
    has-binary "0.1.6"
    utf8 "2.1.0"

engine.io-parser@~2.1.0, engine.io-parser@~2.1.1:
  version "2.1.1"
  resolved "http://registry.npm.taobao.org/engine.io-parser/download/engine.io-parser-2.1.1.tgz#e0fb3f0e0462f7f58bb77c1a52e9f5a7e26e4668"
  dependencies:
    after "0.8.2"
    arraybuffer.slice "0.0.6"
    base64-arraybuffer "0.1.5"
    blob "0.0.4"
    has-binary2 "~1.0.2"

engine.io@1.6.8:
  version "1.6.8"
  resolved "http://r.cnpmjs.org/engine.io/download/engine.io-1.6.8.tgz#de05a06b757e7517695e088c7b051c47819f511b"
  dependencies:
    accepts "1.1.4"
    base64id "0.1.0"
    debug "2.2.0"
    engine.io-parser "1.2.4"
    ws "1.0.1"

engine.io@~3.1.0:
  version "3.1.0"
  resolved "http://registry.npm.taobao.org/engine.io/download/engine.io-3.1.0.tgz#5ca438e3ce9fdbc915c4a21c8dd9e1266706e57e"
  dependencies:
    accepts "1.3.3"
    base64id "1.0.0"
    cookie "0.3.1"
    debug "~2.6.4"
    engine.io-parser "~2.1.0"
    ws "~2.3.1"
  optionalDependencies:
    uws "~0.14.4"

error-inject@~1.0.0:
  version "1.0.0"
  resolved "http://r.cnpmjs.org/error-inject/download/error-inject-1.0.0.tgz#e2b3d91b54aed672f309d950d154850fa11d4f37"

escape-html@~1.0.1:
  version "1.0.3"
  resolved "http://r.cnpmjs.org/escape-html/download/escape-html-1.0.3.tgz#0258eae4d3d0c0974de1c169188ef0051d1d1988"

extend@~3.0.0:
  version "3.0.1"
  resolved "http://registry.npm.taobao.org/extend/download/extend-3.0.1.tgz#a755ea7bc1adfcc5a31ce7e762dbaadc5e636444"

extsprintf@1.3.0, extsprintf@^1.2.0:
  version "1.3.0"
  resolved "http://registry.npm.taobao.org/extsprintf/download/extsprintf-1.3.0.tgz#96918440e3041a7a414f8c52e3c574eb3c3e1e05"

forever-agent@~0.6.1:
  version "0.6.1"
  resolved "http://registry.npm.taobao.org/forever-agent/download/forever-agent-0.6.1.tgz#fbc71f0c41adeb37f96c577ad1ed42d8fdacca91"

form-data@~2.1.1:
  version "2.1.4"
  resolved "http://registry.npm.taobao.org/form-data/download/form-data-2.1.4.tgz#33c183acf193276ecaa98143a69e94bfee1750d1"
  dependencies:
    asynckit "^0.4.0"
    combined-stream "^1.0.5"
    mime-types "^2.1.12"

fresh@^0.5.0:
  version "0.5.0"
  resolved "http://r.cnpmjs.org/fresh/download/fresh-0.5.0.tgz#f474ca5e6a9246d6fd8e0953cfa9b9c805afa78e"

getpass@^0.1.1:
  version "0.1.7"
  resolved "http://registry.npm.taobao.org/getpass/download/getpass-0.1.7.tgz#5eff8e3e684d569ae4cb2b1282604e8ba62149fa"
  dependencies:
    assert-plus "^1.0.0"

har-schema@^1.0.5:
  version "1.0.5"
  resolved "http://registry.npm.taobao.org/har-schema/download/har-schema-1.0.5.tgz#d263135f43307c02c602afc8fe95970c0151369e"

har-validator@~4.2.1:
  version "4.2.1"
  resolved "http://registry.npm.taobao.org/har-validator/download/har-validator-4.2.1.tgz#33481d0f1bbff600dd203d75812a6a5fba002e2a"
  dependencies:
    ajv "^4.9.1"
    har-schema "^1.0.5"

has-binary2@~1.0.2:
  version "1.0.2"
  resolved "http://registry.npm.taobao.org/has-binary2/download/has-binary2-1.0.2.tgz#e83dba49f0b9be4d026d27365350d9f03f54be98"
  dependencies:
    isarray "2.0.1"

has-binary@0.1.6:
  version "0.1.6"
  resolved "http://r.cnpmjs.org/has-binary/download/has-binary-0.1.6.tgz#25326f39cfa4f616ad8787894e3af2cfbc7b6e10"
  dependencies:
    isarray "0.0.1"

has-binary@0.1.7:
  version "0.1.7"
  resolved "http://r.cnpmjs.org/has-binary/download/has-binary-0.1.7.tgz#68e61eb16210c9545a0a5cce06a873912fe1e68c"
  dependencies:
    isarray "0.0.1"

has-cors@1.1.0:
  version "1.1.0"
  resolved "http://registry.npm.taobao.org/has-cors/download/has-cors-1.1.0.tgz#5e474793f7ea9843d1bb99c23eef49ff126fff39"

hawk@~3.1.3:
  version "3.1.3"
  resolved "http://registry.npm.taobao.org/hawk/download/hawk-3.1.3.tgz#078444bd7c1640b0fe540d2c9b73d59678e8e1c4"
  dependencies:
    boom "2.x.x"
    cryptiles "2.x.x"
    hoek "2.x.x"
    sntp "1.x.x"

hoek@2.x.x:
  version "2.16.3"
  resolved "http://registry.npm.taobao.org/hoek/download/hoek-2.16.3.tgz#20bb7403d3cea398e91dc4710a8ff1b8274a25ed"

http-assert@^1.1.0:
  version "1.3.0"
  resolved "http://r.cnpmjs.org/http-assert/download/http-assert-1.3.0.tgz#a31a5cf88c873ecbb5796907d4d6f132e8c01e4a"
  dependencies:
    deep-equal "~1.0.1"
    http-errors "~1.6.1"

http-errors@^1.2.8, http-errors@^1.3.1, http-errors@^1.6.1, http-errors@~1.6.1:
  version "1.6.2"
  resolved "http://r.cnpmjs.org/http-errors/download/http-errors-1.6.2.tgz#0a002cc85707192a7e7946ceedc11155f60ec736"
  dependencies:
    depd "1.1.1"
    inherits "2.0.3"
    setprototypeof "1.0.3"
    statuses ">= 1.3.1 < 2"

http-errors@~1.5.0:
  version "1.5.1"
  resolved "http://r.cnpmjs.org/http-errors/download/http-errors-1.5.1.tgz#788c0d2c1de2c81b9e6e8c01843b6b97eb920750"
  dependencies:
    inherits "2.0.3"
    setprototypeof "1.0.2"
    statuses ">= 1.3.1 < 2"

http-signature@~1.1.0:
  version "1.1.1"
  resolved "http://registry.npm.taobao.org/http-signature/download/http-signature-1.1.1.tgz#df72e267066cd0ac67fb76adf8e134a8fbcf91bf"
  dependencies:
    assert-plus "^0.2.0"
    jsprim "^1.2.2"
    sshpk "^1.7.0"

indexof@0.0.1:
  version "0.0.1"
  resolved "http://registry.npm.taobao.org/indexof/download/indexof-0.0.1.tgz#82dc336d232b9062179d05ab3293a66059fd435d"

inherits@2.0.3:
  version "2.0.3"
  resolved "http://r.cnpmjs.org/inherits/download/inherits-2.0.3.tgz#633c2c83e3da42a502f52466022480f4208261de"

ionicons@2.0.1:
  version "2.0.1"
  resolved "http://r.cnpmjs.org/ionicons/download/ionicons-2.0.1.tgz#ca398113293ea870244f538f0aabbd4b5b209a3e"

is-generator-function@^1.0.3:
  version "1.0.6"
  resolved "http://r.cnpmjs.org/is-generator-function/download/is-generator-function-1.0.6.tgz#9e71653cd15fff341c79c4151460a131d31e9fc4"

is-typedarray@~1.0.0:
  version "1.0.0"
  resolved "http://registry.npm.taobao.org/is-typedarray/download/is-typedarray-1.0.0.tgz#e479c80858df0c1b11ddda6940f96011fcda4a9a"

isarray@0.0.1:
  version "0.0.1"
  resolved "http://r.cnpmjs.org/isarray/download/isarray-0.0.1.tgz#8a18acfca9a8f4177e09abfc6038939b05d1eedf"

isarray@2.0.1:
  version "2.0.1"
  resolved "http://registry.npm.taobao.org/isarray/download/isarray-2.0.1.tgz#a37d94ed9cda2d59865c9f76fe596ee1f338741e"

isstream@~0.1.2:
  version "0.1.2"
  resolved "http://registry.npm.taobao.org/isstream/download/isstream-0.1.2.tgz#47e63f7af55afa6f92e1500e690eb8b8529c099a"

jsbn@~0.1.0:
  version "0.1.1"
  resolved "http://registry.npm.taobao.org/jsbn/download/jsbn-0.1.1.tgz#a5e654c2e5a2deb5f201d96cefbca80c0ef2f513"

json-schema@0.2.3:
  version "0.2.3"
  resolved "http://registry.npm.taobao.org/json-schema/download/json-schema-0.2.3.tgz#b480c892e59a2f05954ce727bd3f2a4e882f9e13"

json-stable-stringify@^1.0.1:
  version "1.0.1"
  resolved "http://registry.npm.taobao.org/json-stable-stringify/download/json-stable-stringify-1.0.1.tgz#9a759d39c5f2ff503fd5300646ed445f88c4f9af"
  dependencies:
    jsonify "~0.0.0"

json-stringify-safe@~5.0.1:
  version "5.0.1"
  resolved "http://registry.npm.taobao.org/json-stringify-safe/download/json-stringify-safe-5.0.1.tgz#1296a2d58fd45f19a0f6ce01d65701e2c735b6eb"

json3@3.2.6:
  version "3.2.6"
  resolved "http://r.cnpmjs.org/json3/download/json3-3.2.6.tgz#f6efc93c06a04de9aec53053df2559bb19e2038b"

json3@3.3.2:
  version "3.3.2"
  resolved "http://r.cnpmjs.org/json3/download/json3-3.3.2.tgz#3c0434743df93e2f5c42aee7b19bcb483575f4e1"

jsonify@~0.0.0:
  version "0.0.0"
  resolved "http://registry.npm.taobao.org/jsonify/download/jsonify-0.0.0.tgz#2c74b6ee41d93ca51b7b5aaee8f503631d252a73"

jsprim@^1.2.2:
  version "1.4.1"
  resolved "http://registry.npm.taobao.org/jsprim/download/jsprim-1.4.1.tgz#313e66bc1e5cc06e438bc1b7499c2e5c56acb6a2"
  dependencies:
    assert-plus "1.0.0"
    extsprintf "1.3.0"
    json-schema "0.2.3"
    verror "1.10.0"

keygrip@~1.0.1:
  version "1.0.1"
  resolved "http://r.cnpmjs.org/keygrip/download/keygrip-1.0.1.tgz#b02fa4816eef21a8c4b35ca9e52921ffc89a30e9"

koa-compose@3.1.0, koa-compose@^3.0.0:
  version "3.1.0"
  resolved "http://r.cnpmjs.org/koa-compose/download/koa-compose-3.1.0.tgz#f6e32f1b8953f7c87b97fc10c208fed334da76f4"
  dependencies:
    any-promise "^1.1.0"

koa-compose@^4.0.0:
  version "4.0.0"
  resolved "http://r.cnpmjs.org/koa-compose/download/koa-compose-4.0.0.tgz#2800a513d9c361ef0d63852b038e4f6f2d5a773c"

koa-convert@^1.2.0:
  version "1.2.0"
  resolved "http://r.cnpmjs.org/koa-convert/download/koa-convert-1.2.0.tgz#da40875df49de0539098d1700b50820cebcd21d0"
  dependencies:
    co "^4.6.0"
    koa-compose "^3.0.0"

koa-is-json@^1.0.0:
  version "1.0.0"
  resolved "http://r.cnpmjs.org/koa-is-json/download/koa-is-json-1.0.0.tgz#273c07edcdcb8df6a2c1ab7d59ee76491451ec14"

koa-router@^7.2.1:
  version "7.2.1"
  resolved "http://r.cnpmjs.org/koa-router/download/koa-router-7.2.1.tgz#b40a4ab3c6adb4b40895debd00a9c640304e3039"
  dependencies:
    debug "^2.2.0"
    http-errors "^1.3.1"
    koa-compose "^3.0.0"
    methods "^1.0.1"
    path-to-regexp "^1.1.1"

koa-send@^4.1.0:
  version "4.1.0"
  resolved "http://r.cnpmjs.org/koa-send/download/koa-send-4.1.0.tgz#07d5a4eaab212679fe99916aae6b1109c08c2361"
  dependencies:
    debug "^2.6.3"
    http-errors "^1.6.1"
    mz "^2.6.0"
    resolve-path "^1.3.3"

koa-socket@^4.4.0:
  version "4.4.0"
  resolved "http://r.cnpmjs.org/koa-socket/download/koa-socket-4.4.0.tgz#e651a003980d96d96fce3955116dfbc563665097"
  dependencies:
    koa-compose "3.1.0"
    socket.io "1.4.5"

koa-static@^4.0.1:
  version "4.0.1"
  resolved "http://r.cnpmjs.org/koa-static/download/koa-static-4.0.1.tgz#b99521ed848d7adb79acae9c824d8d8277a8c4d5"
  dependencies:
    debug "^2.6.8"
    koa-send "^4.1.0"

koa@^2.3.0:
  version "2.3.0"
  resolved "http://r.cnpmjs.org/koa/download/koa-2.3.0.tgz#9e1e8e4da401839c57b8527eadc57f76127555a7"
  dependencies:
    accepts "^1.2.2"
    content-disposition "~0.5.0"
    content-type "^1.0.0"
    cookies "~0.7.0"
    debug "*"
    delegates "^1.0.0"
    depd "^1.1.0"
    destroy "^1.0.3"
    error-inject "~1.0.0"
    escape-html "~1.0.1"
    fresh "^0.5.0"
    http-assert "^1.1.0"
    http-errors "^1.2.8"
    is-generator-function "^1.0.3"
    koa-compose "^4.0.0"
    koa-convert "^1.2.0"
    koa-is-json "^1.0.0"
    mime-types "^2.0.7"
    on-finished "^2.1.0"
    only "0.0.2"
    parseurl "^1.3.0"
    statuses "^1.2.0"
    type-is "^1.5.5"
    vary "^1.0.0"

lamejs@^1.2.0:
  version "1.2.0"
  resolved "http://r.cnpmjs.org/lamejs/download/lamejs-1.2.0.tgz#0259f83db4666141a7b671b8caa6369d95177d08"
  dependencies:
    use-strict "1.0.1"

lodash@^4.13.1:
  version "4.17.4"
  resolved "http://registry.npm.taobao.org/lodash/download/lodash-4.17.4.tgz#78203a4d1c328ae1d86dca6460e369b57f4055ae"

media-typer@0.3.0:
  version "0.3.0"
  resolved "http://r.cnpmjs.org/media-typer/download/media-typer-0.3.0.tgz#8710d7af0aa626f8fffa1ce00168545263255748"

methods@^1.0.1:
  version "1.1.2"
  resolved "http://r.cnpmjs.org/methods/download/methods-1.1.2.tgz#5529a4d67654134edcc5266656835b0f851afcee"

mime-db@~1.12.0:
  version "1.12.0"
  resolved "http://r.cnpmjs.org/mime-db/download/mime-db-1.12.0.tgz#3d0c63180f458eb10d325aaa37d7c58ae312e9d7"

mime-db@~1.29.0:
  version "1.29.0"
  resolved "http://registry.npm.taobao.org/mime-db/download/mime-db-1.29.0.tgz#48d26d235589651704ac5916ca06001914266878"

mime-types@^2.0.7, mime-types@^2.1.12, mime-types@~2.1.11, mime-types@~2.1.15, mime-types@~2.1.7:
  version "2.1.16"
  resolved "http://registry.npm.taobao.org/mime-types/download/mime-types-2.1.16.tgz#2b858a52e5ecd516db897ac2be87487830698e23"
  dependencies:
    mime-db "~1.29.0"

mime-types@~2.0.4:
  version "2.0.14"
  resolved "http://r.cnpmjs.org/mime-types/download/mime-types-2.0.14.tgz#310e159db23e077f8bb22b748dabfa4957140aa6"
  dependencies:
    mime-db "~1.12.0"

ms@0.7.1:
  version "0.7.1"
  resolved "http://r.cnpmjs.org/ms/download/ms-0.7.1.tgz#9cd13c03adbff25b65effde7ce864ee952017098"

ms@2.0.0:
  version "2.0.0"
  resolved "http://registry.npm.taobao.org/ms/download/ms-2.0.0.tgz#5608aeadfc00be6c2901df5f9861788de0d597c8"

mz@^2.6.0:
  version "2.6.0"
  resolved "http://r.cnpmjs.org/mz/download/mz-2.6.0.tgz#c8b8521d958df0a4f2768025db69c719ee4ef1ce"
  dependencies:
    any-promise "^1.0.0"
    object-assign "^4.0.1"
    thenify-all "^1.0.0"

negotiator@0.4.9:
  version "0.4.9"
  resolved "http://r.cnpmjs.org/negotiator/download/negotiator-0.4.9.tgz#92e46b6db53c7e421ed64a2bc94f08be7630df3f"

negotiator@0.6.1:
  version "0.6.1"
  resolved "http://registry.npm.taobao.org/negotiator/download/negotiator-0.6.1.tgz#2b327184e8992101177b28563fb5e7102acd0ca9"

oauth-sign@~0.8.1:
  version "0.8.2"
  resolved "http://registry.npm.taobao.org/oauth-sign/download/oauth-sign-0.8.2.tgz#46a6ab7f0aead8deae9ec0565780b7d4efeb9d43"

object-assign@^4.0.1, object-assign@~4.1.1:
  version "4.1.1"
  resolved "http://registry.npm.taobao.org/object-assign/download/object-assign-4.1.1.tgz#2109adc7965887cfc05cbbd442cac8bfbb360863"

object-component@0.0.3:
  version "0.0.3"
  resolved "http://registry.npm.taobao.org/object-component/download/object-component-0.0.3.tgz#f0c69aa50efc95b866c186f400a33769cb2f1291"

on-finished@^2.1.0:
  version "2.3.0"
  resolved "http://r.cnpmjs.org/on-finished/download/on-finished-2.3.0.tgz#20f1336481b083cd75337992a16971aa2d906947"
  dependencies:
    ee-first "1.1.1"

only@0.0.2:
  version "0.0.2"
  resolved "http://r.cnpmjs.org/only/download/only-0.0.2.tgz#2afde84d03e50b9a8edc444e30610a70295edfb4"

options@>=0.0.5:
  version "0.0.6"
  resolved "http://r.cnpmjs.org/options/download/options-0.0.6.tgz#ec22d312806bb53e731773e7cdaefcf1c643128f"

parsejson@0.0.1:
  version "0.0.1"
  resolved "http://r.cnpmjs.org/parsejson/download/parsejson-0.0.1.tgz#9b10c6c0d825ab589e685153826de0a3ba278bcc"
  dependencies:
    better-assert "~1.0.0"

parsejson@0.0.3:
  version "0.0.3"
  resolved "http://registry.npm.taobao.org/parsejson/download/parsejson-0.0.3.tgz#ab7e3759f209ece99437973f7d0f1f64ae0e64ab"
  dependencies:
    better-assert "~1.0.0"

parseqs@0.0.2:
  version "0.0.2"
  resolved "http://r.cnpmjs.org/parseqs/download/parseqs-0.0.2.tgz#9dfe70b2cddac388bde4f35b1f240fa58adbe6c7"
  dependencies:
    better-assert "~1.0.0"

parseqs@0.0.5:
  version "0.0.5"
  resolved "http://registry.npm.taobao.org/parseqs/download/parseqs-0.0.5.tgz#d5208a3738e46766e291ba2ea173684921a8b89d"
  dependencies:
    better-assert "~1.0.0"

parseuri@0.0.4:
  version "0.0.4"
  resolved "http://r.cnpmjs.org/parseuri/download/parseuri-0.0.4.tgz#806582a39887e1ea18dd5e2fe0e01902268e9350"
  dependencies:
    better-assert "~1.0.0"

parseuri@0.0.5:
  version "0.0.5"
  resolved "http://registry.npm.taobao.org/parseuri/download/parseuri-0.0.5.tgz#80204a50d4dbb779bfdc6ebe2778d90e4bce320a"
  dependencies:
    better-assert "~1.0.0"

parseurl@^1.3.0:
  version "1.3.1"
  resolved "http://r.cnpmjs.org/parseurl/download/parseurl-1.3.1.tgz#c8ab8c9223ba34888aa64a297b28853bec18da56"

path-is-absolute@1.0.1:
  version "1.0.1"
  resolved "http://r.cnpmjs.org/path-is-absolute/download/path-is-absolute-1.0.1.tgz#174b9268735534ffbc7ace6bf53a5a9e1b5c5f5f"

path-to-regexp@^1.1.1:
  version "1.7.0"
  resolved "http://r.cnpmjs.org/path-to-regexp/download/path-to-regexp-1.7.0.tgz#59fde0f435badacba103a84e9d3bc64e96b9937d"
  dependencies:
    isarray "0.0.1"

performance-now@^0.2.0:
  version "0.2.0"
  resolved "http://registry.npm.taobao.org/performance-now/download/performance-now-0.2.0.tgz#33ef30c5c77d4ea21c5a53869d91b56d8f2555e5"

punycode@^1.4.1:
  version "1.4.1"
  resolved "http://registry.npm.taobao.org/punycode/download/punycode-1.4.1.tgz#c0d5a63b2718800ad8e1eb0fa5269c84dd41845e"

qs@~6.4.0:
  version "6.4.0"
  resolved "http://registry.npm.taobao.org/qs/download/qs-6.4.0.tgz#13e26d28ad6b0ffaa91312cd3bf708ed351e7233"

request-promise-core@1.1.1:
  version "1.1.1"
  resolved "http://registry.npm.taobao.org/request-promise-core/download/request-promise-core-1.1.1.tgz#3eee00b2c5aa83239cfb04c5700da36f81cd08b6"
  dependencies:
    lodash "^4.13.1"

request-promise@^4.2.1:
  version "4.2.1"
  resolved "http://registry.npm.taobao.org/request-promise/download/request-promise-4.2.1.tgz#7eec56c89317a822cbfea99b039ce543c2e15f67"
  dependencies:
    bluebird "^3.5.0"
    request-promise-core "1.1.1"
    stealthy-require "^1.1.0"
    tough-cookie ">=2.3.0"

request@^2.81.0:
  version "2.81.0"
  resolved "http://registry.npm.taobao.org/request/download/request-2.81.0.tgz#c6928946a0e06c5f8d6f8a9333469ffda46298a0"
  dependencies:
    aws-sign2 "~0.6.0"
    aws4 "^1.2.1"
    caseless "~0.12.0"
    combined-stream "~1.0.5"
    extend "~3.0.0"
    forever-agent "~0.6.1"
    form-data "~2.1.1"
    har-validator "~4.2.1"
    hawk "~3.1.3"
    http-signature "~1.1.0"
    is-typedarray "~1.0.0"
    isstream "~0.1.2"
    json-stringify-safe "~5.0.1"
    mime-types "~2.1.7"
    oauth-sign "~0.8.1"
    performance-now "^0.2.0"
    qs "~6.4.0"
    safe-buffer "^5.0.1"
    stringstream "~0.0.4"
    tough-cookie "~2.3.0"
    tunnel-agent "^0.6.0"
    uuid "^3.0.0"

resolve-path@^1.3.3:
  version "1.3.3"
  resolved "http://r.cnpmjs.org/resolve-path/download/resolve-path-1.3.3.tgz#4d83aba6468c2b8e632a575e3f52b0fa0dbe1a5c"
  dependencies:
    http-errors "~1.5.0"
    path-is-absolute "1.0.1"

safe-buffer@^5.0.1, safe-buffer@~5.0.1:
  version "5.0.1"
  resolved "http://registry.npm.taobao.org/safe-buffer/download/safe-buffer-5.0.1.tgz#d263ca54696cd8a306b5ca6551e92de57918fbe7"

setprototypeof@1.0.2:
  version "1.0.2"
  resolved "http://r.cnpmjs.org/setprototypeof/download/setprototypeof-1.0.2.tgz#81a552141ec104b88e89ce383103ad5c66564d08"

setprototypeof@1.0.3:
  version "1.0.3"
  resolved "http://r.cnpmjs.org/setprototypeof/download/setprototypeof-1.0.3.tgz#66567e37043eeb4f04d91bd658c0cbefb55b8e04"

sntp@1.x.x:
  version "1.0.9"
  resolved "http://registry.npm.taobao.org/sntp/download/sntp-1.0.9.tgz#6541184cc90aeea6c6e7b35e2659082443c66198"
  dependencies:
    hoek "2.x.x"

socket.io-adapter@0.4.0:
  version "0.4.0"
  resolved "http://r.cnpmjs.org/socket.io-adapter/download/socket.io-adapter-0.4.0.tgz#fb9f82ab1aa65290bf72c3657955b930a991a24f"
  dependencies:
    debug "2.2.0"
    socket.io-parser "2.2.2"

socket.io-adapter@~1.1.0:
  version "1.1.1"
  resolved "http://registry.npm.taobao.org/socket.io-adapter/download/socket.io-adapter-1.1.1.tgz#2a805e8a14d6372124dd9159ad4502f8cb07f06b"

socket.io-client@1.4.5:
  version "1.4.5"
  resolved "http://r.cnpmjs.org/socket.io-client/download/socket.io-client-1.4.5.tgz#400d630c31e7c9579e45173f977e4f5bd8dc7d2e"
  dependencies:
    backo2 "1.0.2"
    component-bind "1.0.0"
    component-emitter "1.2.0"
    debug "2.2.0"
    engine.io-client "1.6.8"
    has-binary "0.1.7"
    indexof "0.0.1"
    object-component "0.0.3"
    parseuri "0.0.4"
    socket.io-parser "2.2.6"
    to-array "0.1.4"

socket.io-client@~2.0.2:
  version "2.0.3"
  resolved "http://registry.npm.taobao.org/socket.io-client/download/socket.io-client-2.0.3.tgz#6caf4aff9f85b19fd91b6ce13d69adb564f8873b"
  dependencies:
    backo2 "1.0.2"
    base64-arraybuffer "0.1.5"
    component-bind "1.0.0"
    component-emitter "1.2.1"
    debug "~2.6.4"
    engine.io-client "~3.1.0"
    has-cors "1.1.0"
    indexof "0.0.1"
    object-component "0.0.3"
    parseqs "0.0.5"
    parseuri "0.0.5"
    socket.io-parser "~3.1.1"
    to-array "0.1.4"

socket.io-parser@2.2.2:
  version "2.2.2"
  resolved "http://r.cnpmjs.org/socket.io-parser/download/socket.io-parser-2.2.2.tgz#3d7af6b64497e956b7d9fe775f999716027f9417"
  dependencies:
    benchmark "1.0.0"
    component-emitter "1.1.2"
    debug "0.7.4"
    isarray "0.0.1"
    json3 "3.2.6"

socket.io-parser@2.2.6:
  version "2.2.6"
  resolved "http://r.cnpmjs.org/socket.io-parser/download/socket.io-parser-2.2.6.tgz#38dfd61df50dcf8ab1d9e2091322bf902ba28b99"
  dependencies:
    benchmark "1.0.0"
    component-emitter "1.1.2"
    debug "2.2.0"
    isarray "0.0.1"
    json3 "3.3.2"

socket.io-parser@~3.1.1:
  version "3.1.2"
  resolved "http://registry.npm.taobao.org/socket.io-parser/download/socket.io-parser-3.1.2.tgz#dbc2282151fc4faebbe40aeedc0772eba619f7f2"
  dependencies:
    component-emitter "1.2.1"
    debug "~2.6.4"
    has-binary2 "~1.0.2"
    isarray "2.0.1"

socket.io@1.4.5:
  version "1.4.5"
  resolved "http://r.cnpmjs.org/socket.io/download/socket.io-1.4.5.tgz#f202f49eeb9cf7cf6c0971ad75d8d96d451ea4f7"
  dependencies:
    debug "2.2.0"
    engine.io "1.6.8"
    has-binary "0.1.7"
    socket.io-adapter "0.4.0"
    socket.io-client "1.4.5"
    socket.io-parser "2.2.6"

socket.io@^2.0.3:
  version "2.0.3"
  resolved "http://registry.npm.taobao.org/socket.io/download/socket.io-2.0.3.tgz#4359f06a24933ae6bd087798af78c680eae345e3"
  dependencies:
    debug "~2.6.6"
    engine.io "~3.1.0"
    object-assign "~4.1.1"
    socket.io-adapter "~1.1.0"
    socket.io-client "~2.0.2"
    socket.io-parser "~3.1.1"

sshpk@^1.7.0:
  version "1.13.1"
  resolved "http://registry.npm.taobao.org/sshpk/download/sshpk-1.13.1.tgz#512df6da6287144316dc4c18fe1cf1d940739be3"
  dependencies:
    asn1 "~0.2.3"
    assert-plus "^1.0.0"
    dashdash "^1.12.0"
    getpass "^0.1.1"
  optionalDependencies:
    bcrypt-pbkdf "^1.0.0"
    ecc-jsbn "~0.1.1"
    jsbn "~0.1.0"
    tweetnacl "~0.14.0"

"statuses@>= 1.3.1 < 2", statuses@^1.2.0:
  version "1.3.1"
  resolved "http://r.cnpmjs.org/statuses/download/statuses-1.3.1.tgz#faf51b9eb74aaef3b3acf4ad5f61abf24cb7b93e"

stealthy-require@^1.1.0:
  version "1.1.1"
  resolved "http://registry.npm.taobao.org/stealthy-require/download/stealthy-require-1.1.1.tgz#35b09875b4ff49f26a777e509b3090a3226bf24b"

stringstream@~0.0.4:
  version "0.0.5"
  resolved "http://registry.npm.taobao.org/stringstream/download/stringstream-0.0.5.tgz#4e484cd4de5a0bbbee18e46307710a8a81621878"

thenify-all@^1.0.0:
  version "1.6.0"
  resolved "http://r.cnpmjs.org/thenify-all/download/thenify-all-1.6.0.tgz#1a1918d402d8fc3f98fbf234db0bcc8cc10e9726"
  dependencies:
    thenify ">= 3.1.0 < 4"

"thenify@>= 3.1.0 < 4":
  version "3.3.0"
  resolved "http://r.cnpmjs.org/thenify/download/thenify-3.3.0.tgz#e69e38a1babe969b0108207978b9f62b88604839"
  dependencies:
    any-promise "^1.0.0"

to-array@0.1.4:
  version "0.1.4"
  resolved "http://registry.npm.taobao.org/to-array/download/to-array-0.1.4.tgz#17e6c11f73dd4f3d74cda7a4ff3238e9ad9bf890"

tough-cookie@>=2.3.0, tough-cookie@~2.3.0:
  version "2.3.2"
  resolved "http://registry.npm.taobao.org/tough-cookie/download/tough-cookie-2.3.2.tgz#f081f76e4c85720e6c37a5faced737150d84072a"
  dependencies:
    punycode "^1.4.1"

tunnel-agent@^0.6.0:
  version "0.6.0"
  resolved "http://registry.npm.taobao.org/tunnel-agent/download/tunnel-agent-0.6.0.tgz#27a5dea06b36b04a0a9966774b290868f0fc40fd"
  dependencies:
    safe-buffer "^5.0.1"

tweetnacl@^0.14.3, tweetnacl@~0.14.0:
  version "0.14.5"
  resolved "http://registry.npm.taobao.org/tweetnacl/download/tweetnacl-0.14.5.tgz#5ae68177f192d4456269d108afa93ff8743f4f64"

type-is@^1.5.5:
  version "1.6.15"
  resolved "http://r.cnpmjs.org/type-is/download/type-is-1.6.15.tgz#cab10fb4909e441c82842eafe1ad646c81804410"
  dependencies:
    media-typer "0.3.0"
    mime-types "~2.1.15"

ultron@1.0.x:
  version "1.0.2"
  resolved "http://r.cnpmjs.org/ultron/download/ultron-1.0.2.tgz#ace116ab557cd197386a4e88f4685378c8b2e4fa"

ultron@~1.1.0:
  version "1.1.0"
  resolved "http://registry.npm.taobao.org/ultron/download/ultron-1.1.0.tgz#b07a2e6a541a815fc6a34ccd4533baec307ca864"

use-strict@1.0.1:
  version "1.0.1"
  resolved "http://r.cnpmjs.org/use-strict/download/use-strict-1.0.1.tgz#0bb80d94f49a4a05192b84a8c7d34e95f1a7e3a0"

utf8@2.1.0:
  version "2.1.0"
  resolved "http://r.cnpmjs.org/utf8/download/utf8-2.1.0.tgz#0cfec5c8052d44a23e3aaa908104e8075f95dfd5"

uuid@^3.0.0:
  version "3.1.0"
  resolved "http://registry.npm.taobao.org/uuid/download/uuid-3.1.0.tgz#3dd3d3e790abc24d7b0d3a034ffababe28ebbc04"

uws@~0.14.4:
  version "0.14.5"
  resolved "http://registry.npm.taobao.org/uws/download/uws-0.14.5.tgz#67aaf33c46b2a587a5f6666d00f7691328f149dc"

vary@^1.0.0:
  version "1.1.1"
  resolved "http://r.cnpmjs.org/vary/download/vary-1.1.1.tgz#67535ebb694c1d52257457984665323f587e8d37"

verror@1.10.0:
  version "1.10.0"
  resolved "http://registry.npm.taobao.org/verror/download/verror-1.10.0.tgz#3a105ca17053af55d6e270c1f8288682e18da400"
  dependencies:
    assert-plus "^1.0.0"
    core-util-is "1.0.2"
    extsprintf "^1.2.0"

ws@1.0.1:
  version "1.0.1"
  resolved "http://r.cnpmjs.org/ws/download/ws-1.0.1.tgz#7d0b2a2e58cddd819039c29c9de65045e1b310e9"
  dependencies:
    options ">=0.0.5"
    ultron "1.0.x"

ws@~2.3.1:
  version "2.3.1"
  resolved "http://registry.npm.taobao.org/ws/download/ws-2.3.1.tgz#6b94b3e447cb6a363f785eaf94af6359e8e81c80"
  dependencies:
    safe-buffer "~5.0.1"
    ultron "~1.1.0"

xmlhttprequest-ssl@1.5.1:
  version "1.5.1"
  resolved "http://r.cnpmjs.org/xmlhttprequest-ssl/download/xmlhttprequest-ssl-1.5.1.tgz#3b7741fea4a86675976e908d296d4445961faa67"

xmlhttprequest-ssl@1.5.3:
  version "1.5.3"
  resolved "http://registry.npm.taobao.org/xmlhttprequest-ssl/download/xmlhttprequest-ssl-1.5.3.tgz#185a888c04eca46c3e4070d99f7b49de3528992d"

yeast@0.1.2:
  version "0.1.2"
  resolved "http://registry.npm.taobao.org/yeast/download/yeast-0.1.2.tgz#008e06d8094320c372dbc2f8ed76a0ca6c8ac419"
